// !$*UTF8*$!
{
	archiveVersion = 1;
	classes = {
	};
	objectVersion = 50;
	objects = {

/* Begin PBXBuildFile section */
		00581C7C78230FB3436DCEFB /* Pods_ChatAppUITests.framework in Frameworks */ = {isa = PBXBuildFile; fileRef = ED053B3EB052C880A7A28C4E /* Pods_ChatAppUITests.framework */; };
		168B30DACF4690FC796356D1 /* Pods_ChatApp.framework in Frameworks */ = {isa = PBXBuildFile; fileRef = 667396FC4CDA6AB732790DB2 /* Pods_ChatApp.framework */; };
		39C46F9B2291FAE9002E8D21 /* AppDelegate.swift in Sources */ = {isa = PBXBuildFile; fileRef = 39C46F9A2291FAE9002E8D21 /* AppDelegate.swift */; };
		39C46F9D2291FAE9002E8D21 /* ChatLogController.swift in Sources */ = {isa = PBXBuildFile; fileRef = 39C46F9C2291FAE9002E8D21 /* ChatLogController.swift */; };
		39C46FA02291FAE9002E8D21 /* Main.storyboard in Resources */ = {isa = PBXBuildFile; fileRef = 39C46F9E2291FAE9002E8D21 /* Main.storyboard */; };
		39C46FA22291FAEA002E8D21 /* Assets.xcassets in Resources */ = {isa = PBXBuildFile; fileRef = 39C46FA12291FAEA002E8D21 /* Assets.xcassets */; };
		39C46FA52291FAEA002E8D21 /* LaunchScreen.storyboard in Resources */ = {isa = PBXBuildFile; fileRef = 39C46FA32291FAEA002E8D21 /* LaunchScreen.storyboard */; };
		39C46FB02291FAEA002E8D21 /* ChatAppTests.swift in Sources */ = {isa = PBXBuildFile; fileRef = 39C46FAF2291FAEA002E8D21 /* ChatAppTests.swift */; };
		39C46FBB2291FAEA002E8D21 /* ChatAppUITests.swift in Sources */ = {isa = PBXBuildFile; fileRef = 39C46FBA2291FAEA002E8D21 /* ChatAppUITests.swift */; };
		39D788122292634F00B6BBA6 /* TextModel.swift in Sources */ = {isa = PBXBuildFile; fileRef = 39D788112292634F00B6BBA6 /* TextModel.swift */; };
		39D788142292663500B6BBA6 /* DataSource.swift in Sources */ = {isa = PBXBuildFile; fileRef = 39D788132292663500B6BBA6 /* DataSource.swift */; };
		39D78816229266AB00B6BBA6 /* ChatItemsController.swift in Sources */ = {isa = PBXBuildFile; fileRef = 39D78815229266AB00B6BBA6 /* ChatItemsController.swift */; };
		DD20229EDF152BF5A8BA44E3 /* Pods_ChatAppTests.framework in Frameworks */ = {isa = PBXBuildFile; fileRef = E0E7B0F958AD017CFD39845A /* Pods_ChatAppTests.framework */; };
/* End PBXBuildFile section */

/* Begin PBXContainerItemProxy section */
		39C46FAC2291FAEA002E8D21 /* PBXContainerItemProxy */ = {
			isa = PBXContainerItemProxy;
			containerPortal = 39C46F8F2291FAE9002E8D21 /* Project object */;
			proxyType = 1;
			remoteGlobalIDString = 39C46F962291FAE9002E8D21;
			remoteInfo = ChatApp;
		};
		39C46FB72291FAEA002E8D21 /* PBXContainerItemProxy */ = {
			isa = PBXContainerItemProxy;
			containerPortal = 39C46F8F2291FAE9002E8D21 /* Project object */;
			proxyType = 1;
			remoteGlobalIDString = 39C46F962291FAE9002E8D21;
			remoteInfo = ChatApp;
		};
/* End PBXContainerItemProxy section */

/* Begin PBXFileReference section */
		10C1A2F6838437B28FF2465F /* Pods-ChatAppTests.release.xcconfig */ = {isa = PBXFileReference; includeInIndex = 1; lastKnownFileType = text.xcconfig; name = "Pods-ChatAppTests.release.xcconfig"; path = "Pods/Target Support Files/Pods-ChatAppTests/Pods-ChatAppTests.release.xcconfig"; sourceTree = "<group>"; };
		334C82653453B55CDC2B40E6 /* Pods-ChatApp.debug.xcconfig */ = {isa = PBXFileReference; includeInIndex = 1; lastKnownFileType = text.xcconfig; name = "Pods-ChatApp.debug.xcconfig"; path = "Pods/Target Support Files/Pods-ChatApp/Pods-ChatApp.debug.xcconfig"; sourceTree = "<group>"; };
		39C46F972291FAE9002E8D21 /* ChatApp.app */ = {isa = PBXFileReference; explicitFileType = wrapper.application; includeInIndex = 0; path = ChatApp.app; sourceTree = BUILT_PRODUCTS_DIR; };
		39C46F9A2291FAE9002E8D21 /* AppDelegate.swift */ = {isa = PBXFileReference; lastKnownFileType = sourcecode.swift; path = AppDelegate.swift; sourceTree = "<group>"; };
		39C46F9C2291FAE9002E8D21 /* ChatLogController.swift */ = {isa = PBXFileReference; lastKnownFileType = sourcecode.swift; path = ChatLogController.swift; sourceTree = "<group>"; };
		39C46F9F2291FAE9002E8D21 /* Base */ = {isa = PBXFileReference; lastKnownFileType = file.storyboard; name = Base; path = Base.lproj/Main.storyboard; sourceTree = "<group>"; };
		39C46FA12291FAEA002E8D21 /* Assets.xcassets */ = {isa = PBXFileReference; lastKnownFileType = folder.assetcatalog; path = Assets.xcassets; sourceTree = "<group>"; };
		39C46FA42291FAEA002E8D21 /* Base */ = {isa = PBXFileReference; lastKnownFileType = file.storyboard; name = Base; path = Base.lproj/LaunchScreen.storyboard; sourceTree = "<group>"; };
		39C46FA62291FAEA002E8D21 /* Info.plist */ = {isa = PBXFileReference; lastKnownFileType = text.plist.xml; path = Info.plist; sourceTree = "<group>"; };
		39C46FAB2291FAEA002E8D21 /* ChatAppTests.xctest */ = {isa = PBXFileReference; explicitFileType = wrapper.cfbundle; includeInIndex = 0; path = ChatAppTests.xctest; sourceTree = BUILT_PRODUCTS_DIR; };
		39C46FAF2291FAEA002E8D21 /* ChatAppTests.swift */ = {isa = PBXFileReference; lastKnownFileType = sourcecode.swift; path = ChatAppTests.swift; sourceTree = "<group>"; };
		39C46FB12291FAEA002E8D21 /* Info.plist */ = {isa = PBXFileReference; lastKnownFileType = text.plist.xml; path = Info.plist; sourceTree = "<group>"; };
		39C46FB62291FAEA002E8D21 /* ChatAppUITests.xctest */ = {isa = PBXFileReference; explicitFileType = wrapper.cfbundle; includeInIndex = 0; path = ChatAppUITests.xctest; sourceTree = BUILT_PRODUCTS_DIR; };
		39C46FBA2291FAEA002E8D21 /* ChatAppUITests.swift */ = {isa = PBXFileReference; lastKnownFileType = sourcecode.swift; path = ChatAppUITests.swift; sourceTree = "<group>"; };
		39C46FBC2291FAEA002E8D21 /* Info.plist */ = {isa = PBXFileReference; lastKnownFileType = text.plist.xml; path = Info.plist; sourceTree = "<group>"; };
		39D788112292634F00B6BBA6 /* TextModel.swift */ = {isa = PBXFileReference; lastKnownFileType = sourcecode.swift; path = TextModel.swift; sourceTree = "<group>"; };
		39D788132292663500B6BBA6 /* DataSource.swift */ = {isa = PBXFileReference; lastKnownFileType = sourcecode.swift; path = DataSource.swift; sourceTree = "<group>"; };
		39D78815229266AB00B6BBA6 /* ChatItemsController.swift */ = {isa = PBXFileReference; lastKnownFileType = sourcecode.swift; path = ChatItemsController.swift; sourceTree = "<group>"; };
		44EFEACBC08100440B6F71B6 /* Pods-ChatAppTests.debug.xcconfig */ = {isa = PBXFileReference; includeInIndex = 1; lastKnownFileType = text.xcconfig; name = "Pods-ChatAppTests.debug.xcconfig"; path = "Pods/Target Support Files/Pods-ChatAppTests/Pods-ChatAppTests.debug.xcconfig"; sourceTree = "<group>"; };
		667396FC4CDA6AB732790DB2 /* Pods_ChatApp.framework */ = {isa = PBXFileReference; explicitFileType = wrapper.framework; includeInIndex = 0; path = Pods_ChatApp.framework; sourceTree = BUILT_PRODUCTS_DIR; };
		6DB481F5B875A30041EA0469 /* Pods-ChatAppUITests.debug.xcconfig */ = {isa = PBXFileReference; includeInIndex = 1; lastKnownFileType = text.xcconfig; name = "Pods-ChatAppUITests.debug.xcconfig"; path = "Pods/Target Support Files/Pods-ChatAppUITests/Pods-ChatAppUITests.debug.xcconfig"; sourceTree = "<group>"; };
		7FD5B5D9BE65EC1156844145 /* Pods-ChatAppUITests.release.xcconfig */ = {isa = PBXFileReference; includeInIndex = 1; lastKnownFileType = text.xcconfig; name = "Pods-ChatAppUITests.release.xcconfig"; path = "Pods/Target Support Files/Pods-ChatAppUITests/Pods-ChatAppUITests.release.xcconfig"; sourceTree = "<group>"; };
		889D56D47E7B57A48DE4A810 /* Pods-ChatApp.release.xcconfig */ = {isa = PBXFileReference; includeInIndex = 1; lastKnownFileType = text.xcconfig; name = "Pods-ChatApp.release.xcconfig"; path = "Pods/Target Support Files/Pods-ChatApp/Pods-ChatApp.release.xcconfig"; sourceTree = "<group>"; };
		E0E7B0F958AD017CFD39845A /* Pods_ChatAppTests.framework */ = {isa = PBXFileReference; explicitFileType = wrapper.framework; includeInIndex = 0; path = Pods_ChatAppTests.framework; sourceTree = BUILT_PRODUCTS_DIR; };
		ED053B3EB052C880A7A28C4E /* Pods_ChatAppUITests.framework */ = {isa = PBXFileReference; explicitFileType = wrapper.framework; includeInIndex = 0; path = Pods_ChatAppUITests.framework; sourceTree = BUILT_PRODUCTS_DIR; };
/* End PBXFileReference section */

/* Begin PBXFrameworksBuildPhase section */
		39C46F942291FAE9002E8D21 /* Frameworks */ = {
			isa = PBXFrameworksBuildPhase;
			buildActionMask = 2147483647;
			files = (
				168B30DACF4690FC796356D1 /* Pods_ChatApp.framework in Frameworks */,
			);
			runOnlyForDeploymentPostprocessing = 0;
		};
		39C46FA82291FAEA002E8D21 /* Frameworks */ = {
			isa = PBXFrameworksBuildPhase;
			buildActionMask = 2147483647;
			files = (
				DD20229EDF152BF5A8BA44E3 /* Pods_ChatAppTests.framework in Frameworks */,
			);
			runOnlyForDeploymentPostprocessing = 0;
		};
		39C46FB32291FAEA002E8D21 /* Frameworks */ = {
			isa = PBXFrameworksBuildPhase;
			buildActionMask = 2147483647;
			files = (
				00581C7C78230FB3436DCEFB /* Pods_ChatAppUITests.framework in Frameworks */,
			);
			runOnlyForDeploymentPostprocessing = 0;
		};
/* End PBXFrameworksBuildPhase section */

/* Begin PBXGroup section */
		238B1B5FC39DF6EDF66B1C79 /* Pods */ = {
			isa = PBXGroup;
			children = (
				334C82653453B55CDC2B40E6 /* Pods-ChatApp.debug.xcconfig */,
				889D56D47E7B57A48DE4A810 /* Pods-ChatApp.release.xcconfig */,
				44EFEACBC08100440B6F71B6 /* Pods-ChatAppTests.debug.xcconfig */,
				10C1A2F6838437B28FF2465F /* Pods-ChatAppTests.release.xcconfig */,
				6DB481F5B875A30041EA0469 /* Pods-ChatAppUITests.debug.xcconfig */,
				7FD5B5D9BE65EC1156844145 /* Pods-ChatAppUITests.release.xcconfig */,
			);
			name = Pods;
			sourceTree = "<group>";
		};
		39C46F8E2291FAE9002E8D21 = {
			isa = PBXGroup;
			children = (
				39C46F992291FAE9002E8D21 /* ChatApp */,
				39C46FAE2291FAEA002E8D21 /* ChatAppTests */,
				39C46FB92291FAEA002E8D21 /* ChatAppUITests */,
				39C46F982291FAE9002E8D21 /* Products */,
				238B1B5FC39DF6EDF66B1C79 /* Pods */,
				817BAE4F967AC2A2B7B7D983 /* Frameworks */,
			);
			sourceTree = "<group>";
		};
		39C46F982291FAE9002E8D21 /* Products */ = {
			isa = PBXGroup;
			children = (
				39C46F972291FAE9002E8D21 /* ChatApp.app */,
				39C46FAB2291FAEA002E8D21 /* ChatAppTests.xctest */,
				39C46FB62291FAEA002E8D21 /* ChatAppUITests.xctest */,
			);
			name = Products;
			sourceTree = "<group>";
		};
		39C46F992291FAE9002E8D21 /* ChatApp */ = {
			isa = PBXGroup;
			children = (
				39D78810229262CC00B6BBA6 /* Text Message */,
				39C46F9A2291FAE9002E8D21 /* AppDelegate.swift */,
				39C46F9C2291FAE9002E8D21 /* ChatLogController.swift */,
				39C46F9E2291FAE9002E8D21 /* Main.storyboard */,
				39C46FA12291FAEA002E8D21 /* Assets.xcassets */,
				39C46FA32291FAEA002E8D21 /* LaunchScreen.storyboard */,
				39C46FA62291FAEA002E8D21 /* Info.plist */,
				39D788132292663500B6BBA6 /* DataSource.swift */,
				39D78815229266AB00B6BBA6 /* ChatItemsController.swift */,
			);
			path = ChatApp;
			sourceTree = "<group>";
		};
		39C46FAE2291FAEA002E8D21 /* ChatAppTests */ = {
			isa = PBXGroup;
			children = (
				39C46FAF2291FAEA002E8D21 /* ChatAppTests.swift */,
				39C46FB12291FAEA002E8D21 /* Info.plist */,
			);
			path = ChatAppTests;
			sourceTree = "<group>";
		};
		39C46FB92291FAEA002E8D21 /* ChatAppUITests */ = {
			isa = PBXGroup;
			children = (
				39C46FBA2291FAEA002E8D21 /* ChatAppUITests.swift */,
				39C46FBC2291FAEA002E8D21 /* Info.plist */,
			);
			path = ChatAppUITests;
			sourceTree = "<group>";
		};
		39D78810229262CC00B6BBA6 /* Text Message */ = {
			isa = PBXGroup;
			children = (
				39D788112292634F00B6BBA6 /* TextModel.swift */,
			);
			path = "Text Message";
			sourceTree = "<group>";
		};
		817BAE4F967AC2A2B7B7D983 /* Frameworks */ = {
			isa = PBXGroup;
			children = (
				667396FC4CDA6AB732790DB2 /* Pods_ChatApp.framework */,
				E0E7B0F958AD017CFD39845A /* Pods_ChatAppTests.framework */,
				ED053B3EB052C880A7A28C4E /* Pods_ChatAppUITests.framework */,
			);
			name = Frameworks;
			sourceTree = "<group>";
		};
/* End PBXGroup section */

/* Begin PBXNativeTarget section */
		39C46F962291FAE9002E8D21 /* ChatApp */ = {
			isa = PBXNativeTarget;
			buildConfigurationList = 39C46FBF2291FAEA002E8D21 /* Build configuration list for PBXNativeTarget "ChatApp" */;
			buildPhases = (
				E6CD82EC9508A925E192697B /* [CP] Check Pods Manifest.lock */,
				39C46F932291FAE9002E8D21 /* Sources */,
				39C46F942291FAE9002E8D21 /* Frameworks */,
				39C46F952291FAE9002E8D21 /* Resources */,
				DE2B9252F7BB856F72323A95 /* [CP] Embed Pods Frameworks */,
			);
			buildRules = (
			);
			dependencies = (
			);
			name = ChatApp;
			productName = ChatApp;
			productReference = 39C46F972291FAE9002E8D21 /* ChatApp.app */;
			productType = "com.apple.product-type.application";
		};
		39C46FAA2291FAEA002E8D21 /* ChatAppTests */ = {
			isa = PBXNativeTarget;
			buildConfigurationList = 39C46FC22291FAEA002E8D21 /* Build configuration list for PBXNativeTarget "ChatAppTests" */;
			buildPhases = (
				FD95151A570132802A6DBE0E /* [CP] Check Pods Manifest.lock */,
				39C46FA72291FAEA002E8D21 /* Sources */,
				39C46FA82291FAEA002E8D21 /* Frameworks */,
				39C46FA92291FAEA002E8D21 /* Resources */,
			);
			buildRules = (
			);
			dependencies = (
				39C46FAD2291FAEA002E8D21 /* PBXTargetDependency */,
			);
			name = ChatAppTests;
			productName = ChatAppTests;
			productReference = 39C46FAB2291FAEA002E8D21 /* ChatAppTests.xctest */;
			productType = "com.apple.product-type.bundle.unit-test";
		};
		39C46FB52291FAEA002E8D21 /* ChatAppUITests */ = {
			isa = PBXNativeTarget;
			buildConfigurationList = 39C46FC52291FAEA002E8D21 /* Build configuration list for PBXNativeTarget "ChatAppUITests" */;
			buildPhases = (
				997E6CD1EB2851664F0FE378 /* [CP] Check Pods Manifest.lock */,
				39C46FB22291FAEA002E8D21 /* Sources */,
				39C46FB32291FAEA002E8D21 /* Frameworks */,
				39C46FB42291FAEA002E8D21 /* Resources */,
			);
			buildRules = (
			);
			dependencies = (
				39C46FB82291FAEA002E8D21 /* PBXTargetDependency */,
			);
			name = ChatAppUITests;
			productName = ChatAppUITests;
			productReference = 39C46FB62291FAEA002E8D21 /* ChatAppUITests.xctest */;
			productType = "com.apple.product-type.bundle.ui-testing";
		};
/* End PBXNativeTarget section */

/* Begin PBXProject section */
		39C46F8F2291FAE9002E8D21 /* Project object */ = {
			isa = PBXProject;
			attributes = {
				LastSwiftUpdateCheck = 1010;
				LastUpgradeCheck = 1010;
				ORGANIZATIONNAME = Matsyk;
				TargetAttributes = {
					39C46F962291FAE9002E8D21 = {
						CreatedOnToolsVersion = 10.1;
					};
					39C46FAA2291FAEA002E8D21 = {
						CreatedOnToolsVersion = 10.1;
						TestTargetID = 39C46F962291FAE9002E8D21;
					};
					39C46FB52291FAEA002E8D21 = {
						CreatedOnToolsVersion = 10.1;
						TestTargetID = 39C46F962291FAE9002E8D21;
					};
				};
			};
			buildConfigurationList = 39C46F922291FAE9002E8D21 /* Build configuration list for PBXProject "ChatApp" */;
			compatibilityVersion = "Xcode 9.3";
			developmentRegion = en;
			hasScannedForEncodings = 0;
			knownRegions = (
				en,
				Base,
			);
			mainGroup = 39C46F8E2291FAE9002E8D21;
			productRefGroup = 39C46F982291FAE9002E8D21 /* Products */;
			projectDirPath = "";
			projectRoot = "";
			targets = (
				39C46F962291FAE9002E8D21 /* ChatApp */,
				39C46FAA2291FAEA002E8D21 /* ChatAppTests */,
				39C46FB52291FAEA002E8D21 /* ChatAppUITests */,
			);
		};
/* End PBXProject section */

/* Begin PBXResourcesBuildPhase section */
		39C46F952291FAE9002E8D21 /* Resources */ = {
			isa = PBXResourcesBuildPhase;
			buildActionMask = 2147483647;
			files = (
				39C46FA52291FAEA002E8D21 /* LaunchScreen.storyboard in Resources */,
				39C46FA22291FAEA002E8D21 /* Assets.xcassets in Resources */,
				39C46FA02291FAE9002E8D21 /* Main.storyboard in Resources */,
			);
			runOnlyForDeploymentPostprocessing = 0;
		};
		39C46FA92291FAEA002E8D21 /* Resources */ = {
			isa = PBXResourcesBuildPhase;
			buildActionMask = 2147483647;
			files = (
			);
			runOnlyForDeploymentPostprocessing = 0;
		};
		39C46FB42291FAEA002E8D21 /* Resources */ = {
			isa = PBXResourcesBuildPhase;
			buildActionMask = 2147483647;
			files = (
			);
			runOnlyForDeploymentPostprocessing = 0;
		};
/* End PBXResourcesBuildPhase section */

/* Begin PBXShellScriptBuildPhase section */
		997E6CD1EB2851664F0FE378 /* [CP] Check Pods Manifest.lock */ = {
			isa = PBXShellScriptBuildPhase;
			buildActionMask = 2147483647;
			files = (
			);
			inputPaths = (
				"${PODS_PODFILE_DIR_PATH}/Podfile.lock",
				"${PODS_ROOT}/Manifest.lock",
			);
			name = "[CP] Check Pods Manifest.lock";
			outputPaths = (
				"$(DERIVED_FILE_DIR)/Pods-ChatAppUITests-checkManifestLockResult.txt",
			);
			runOnlyForDeploymentPostprocessing = 0;
			shellPath = /bin/sh;
			shellScript = "diff \"${PODS_PODFILE_DIR_PATH}/Podfile.lock\" \"${PODS_ROOT}/Manifest.lock\" > /dev/null\nif [ $? != 0 ] ; then\n    # print error to STDERR\n    echo \"error: The sandbox is not in sync with the Podfile.lock. Run 'pod install' or update your CocoaPods installation.\" >&2\n    exit 1\nfi\n# This output is used by Xcode 'outputs' to avoid re-running this script phase.\necho \"SUCCESS\" > \"${SCRIPT_OUTPUT_FILE_0}\"\n";
			showEnvVarsInLog = 0;
		};
		DE2B9252F7BB856F72323A95 /* [CP] Embed Pods Frameworks */ = {
			isa = PBXShellScriptBuildPhase;
			buildActionMask = 2147483647;
			files = (
			);
			inputPaths = (
				"${SRCROOT}/Pods/Target Support Files/Pods-ChatApp/Pods-ChatApp-frameworks.sh",
				"${BUILT_PRODUCTS_DIR}/Chatto/Chatto.framework",
				"${BUILT_PRODUCTS_DIR}/ChattoAdditions/ChattoAdditions.framework",
			);
			name = "[CP] Embed Pods Frameworks";
			outputPaths = (
				"${TARGET_BUILD_DIR}/${FRAMEWORKS_FOLDER_PATH}/Chatto.framework",
				"${TARGET_BUILD_DIR}/${FRAMEWORKS_FOLDER_PATH}/ChattoAdditions.framework",
			);
			runOnlyForDeploymentPostprocessing = 0;
			shellPath = /bin/sh;
			shellScript = "\"${SRCROOT}/Pods/Target Support Files/Pods-ChatApp/Pods-ChatApp-frameworks.sh\"\n";
			showEnvVarsInLog = 0;
		};
		E6CD82EC9508A925E192697B /* [CP] Check Pods Manifest.lock */ = {
			isa = PBXShellScriptBuildPhase;
			buildActionMask = 2147483647;
			files = (
			);
			inputPaths = (
				"${PODS_PODFILE_DIR_PATH}/Podfile.lock",
				"${PODS_ROOT}/Manifest.lock",
			);
			name = "[CP] Check Pods Manifest.lock";
			outputPaths = (
				"$(DERIVED_FILE_DIR)/Pods-ChatApp-checkManifestLockResult.txt",
			);
			runOnlyForDeploymentPostprocessing = 0;
			shellPath = /bin/sh;
			shellScript = "diff \"${PODS_PODFILE_DIR_PATH}/Podfile.lock\" \"${PODS_ROOT}/Manifest.lock\" > /dev/null\nif [ $? != 0 ] ; then\n    # print error to STDERR\n    echo \"error: The sandbox is not in sync with the Podfile.lock. Run 'pod install' or update your CocoaPods installation.\" >&2\n    exit 1\nfi\n# This output is used by Xcode 'outputs' to avoid re-running this script phase.\necho \"SUCCESS\" > \"${SCRIPT_OUTPUT_FILE_0}\"\n";
			showEnvVarsInLog = 0;
		};
		FD95151A570132802A6DBE0E /* [CP] Check Pods Manifest.lock */ = {
			isa = PBXShellScriptBuildPhase;
			buildActionMask = 2147483647;
			files = (
			);
			inputPaths = (
				"${PODS_PODFILE_DIR_PATH}/Podfile.lock",
				"${PODS_ROOT}/Manifest.lock",
			);
			name = "[CP] Check Pods Manifest.lock";
			outputPaths = (
				"$(DERIVED_FILE_DIR)/Pods-ChatAppTests-checkManifestLockResult.txt",
			);
			runOnlyForDeploymentPostprocessing = 0;
			shellPath = /bin/sh;
			shellScript = "diff \"${PODS_PODFILE_DIR_PATH}/Podfile.lock\" \"${PODS_ROOT}/Manifest.lock\" > /dev/null\nif [ $? != 0 ] ; then\n    # print error to STDERR\n    echo \"error: The sandbox is not in sync with the Podfile.lock. Run 'pod install' or update your CocoaPods installation.\" >&2\n    exit 1\nfi\n# This output is used by Xcode 'outputs' to avoid re-running this script phase.\necho \"SUCCESS\" > \"${SCRIPT_OUTPUT_FILE_0}\"\n";
			showEnvVarsInLog = 0;
		};
/* End PBXShellScriptBuildPhase section */

/* Begin PBXSourcesBuildPhase section */
		39C46F932291FAE9002E8D21 /* Sources */ = {
			isa = PBXSourcesBuildPhase;
			buildActionMask = 2147483647;
			files = (
				39D78816229266AB00B6BBA6 /* ChatItemsController.swift in Sources */,
				39D788122292634F00B6BBA6 /* TextModel.swift in Sources */,
				39C46F9D2291FAE9002E8D21 /* ChatLogController.swift in Sources */,
				39D788142292663500B6BBA6 /* DataSource.swift in Sources */,
				39C46F9B2291FAE9002E8D21 /* AppDelegate.swift in Sources */,
			);
			runOnlyForDeploymentPostprocessing = 0;
		};
		39C46FA72291FAEA002E8D21 /* Sources */ = {
			isa = PBXSourcesBuildPhase;
			buildActionMask = 2147483647;
			files = (
				39C46FB02291FAEA002E8D21 /* ChatAppTests.swift in Sources */,
			);
			runOnlyForDeploymentPostprocessing = 0;
		};
		39C46FB22291FAEA002E8D21 /* Sources */ = {
			isa = PBXSourcesBuildPhase;
			buildActionMask = 2147483647;
			files = (
				39C46FBB2291FAEA002E8D21 /* ChatAppUITests.swift in Sources */,
			);
			runOnlyForDeploymentPostprocessing = 0;
		};
/* End PBXSourcesBuildPhase section */

/* Begin PBXTargetDependency section */
		39C46FAD2291FAEA002E8D21 /* PBXTargetDependency */ = {
			isa = PBXTargetDependency;
			target = 39C46F962291FAE9002E8D21 /* ChatApp */;
			targetProxy = 39C46FAC2291FAEA002E8D21 /* PBXContainerItemProxy */;
		};
		39C46FB82291FAEA002E8D21 /* PBXTargetDependency */ = {
			isa = PBXTargetDependency;
			target = 39C46F962291FAE9002E8D21 /* ChatApp */;
			targetProxy = 39C46FB72291FAEA002E8D21 /* PBXContainerItemProxy */;
		};
/* End PBXTargetDependency section */

/* Begin PBXVariantGroup section */
		39C46F9E2291FAE9002E8D21 /* Main.storyboard */ = {
			isa = PBXVariantGroup;
			children = (
				39C46F9F2291FAE9002E8D21 /* Base */,
			);
			name = Main.storyboard;
			sourceTree = "<group>";
		};
		39C46FA32291FAEA002E8D21 /* LaunchScreen.storyboard */ = {
			isa = PBXVariantGroup;
			children = (
				39C46FA42291FAEA002E8D21 /* Base */,
			);
			name = LaunchScreen.storyboard;
			sourceTree = "<group>";
		};
/* End PBXVariantGroup section */

/* Begin XCBuildConfiguration section */
		39C46FBD2291FAEA002E8D21 /* Debug */ = {
			isa = XCBuildConfiguration;
			buildSettings = {
				ALWAYS_SEARCH_USER_PATHS = NO;
				CLANG_ANALYZER_NONNULL = YES;
				CLANG_ANALYZER_NUMBER_OBJECT_CONVERSION = YES_AGGRESSIVE;
				CLANG_CXX_LANGUAGE_STANDARD = "gnu++14";
				CLANG_CXX_LIBRARY = "libc++";
				CLANG_ENABLE_MODULES = YES;
				CLANG_ENABLE_OBJC_ARC = YES;
				CLANG_ENABLE_OBJC_WEAK = YES;
				CLANG_WARN_BLOCK_CAPTURE_AUTORELEASING = YES;
				CLANG_WARN_BOOL_CONVERSION = YES;
				CLANG_WARN_COMMA = YES;
				CLANG_WARN_CONSTANT_CONVERSION = YES;
				CLANG_WARN_DEPRECATED_OBJC_IMPLEMENTATIONS = YES;
				CLANG_WARN_DIRECT_OBJC_ISA_USAGE = YES_ERROR;
				CLANG_WARN_DOCUMENTATION_COMMENTS = YES;
				CLANG_WARN_EMPTY_BODY = YES;
				CLANG_WARN_ENUM_CONVERSION = YES;
				CLANG_WARN_INFINITE_RECURSION = YES;
				CLANG_WARN_INT_CONVERSION = YES;
				CLANG_WARN_NON_LITERAL_NULL_CONVERSION = YES;
				CLANG_WARN_OBJC_IMPLICIT_RETAIN_SELF = YES;
				CLANG_WARN_OBJC_LITERAL_CONVERSION = YES;
				CLANG_WARN_OBJC_ROOT_CLASS = YES_ERROR;
				CLANG_WARN_RANGE_LOOP_ANALYSIS = YES;
				CLANG_WARN_STRICT_PROTOTYPES = YES;
				CLANG_WARN_SUSPICIOUS_MOVE = YES;
				CLANG_WARN_UNGUARDED_AVAILABILITY = YES_AGGRESSIVE;
				CLANG_WARN_UNREACHABLE_CODE = YES;
				CLANG_WARN__DUPLICATE_METHOD_MATCH = YES;
				CODE_SIGN_IDENTITY = "iPhone Developer";
				COPY_PHASE_STRIP = NO;
				DEBUG_INFORMATION_FORMAT = dwarf;
				ENABLE_STRICT_OBJC_MSGSEND = YES;
				ENABLE_TESTABILITY = YES;
				GCC_C_LANGUAGE_STANDARD = gnu11;
				GCC_DYNAMIC_NO_PIC = NO;
				GCC_NO_COMMON_BLOCKS = YES;
				GCC_OPTIMIZATION_LEVEL = 0;
				GCC_PREPROCESSOR_DEFINITIONS = (
					"DEBUG=1",
					"$(inherited)",
				);
				GCC_WARN_64_TO_32_BIT_CONVERSION = YES;
				GCC_WARN_ABOUT_RETURN_TYPE = YES_ERROR;
				GCC_WARN_UNDECLARED_SELECTOR = YES;
				GCC_WARN_UNINITIALIZED_AUTOS = YES_AGGRESSIVE;
				GCC_WARN_UNUSED_FUNCTION = YES;
				GCC_WARN_UNUSED_VARIABLE = YES;
				IPHONEOS_DEPLOYMENT_TARGET = 12.1;
				MTL_ENABLE_DEBUG_INFO = INCLUDE_SOURCE;
				MTL_FAST_MATH = YES;
				ONLY_ACTIVE_ARCH = YES;
				SDKROOT = iphoneos;
				SWIFT_ACTIVE_COMPILATION_CONDITIONS = DEBUG;
				SWIFT_OPTIMIZATION_LEVEL = "-Onone";
			};
			name = Debug;
		};
		39C46FBE2291FAEA002E8D21 /* Release */ = {
			isa = XCBuildConfiguration;
			buildSettings = {
				ALWAYS_SEARCH_USER_PATHS = NO;
				CLANG_ANALYZER_NONNULL = YES;
				CLANG_ANALYZER_NUMBER_OBJECT_CONVERSION = YES_AGGRESSIVE;
				CLANG_CXX_LANGUAGE_STANDARD = "gnu++14";
				CLANG_CXX_LIBRARY = "libc++";
				CLANG_ENABLE_MODULES = YES;
				CLANG_ENABLE_OBJC_ARC = YES;
				CLANG_ENABLE_OBJC_WEAK = YES;
				CLANG_WARN_BLOCK_CAPTURE_AUTORELEASING = YES;
				CLANG_WARN_BOOL_CONVERSION = YES;
				CLANG_WARN_COMMA = YES;
				CLANG_WARN_CONSTANT_CONVERSION = YES;
				CLANG_WARN_DEPRECATED_OBJC_IMPLEMENTATIONS = YES;
				CLANG_WARN_DIRECT_OBJC_ISA_USAGE = YES_ERROR;
				CLANG_WARN_DOCUMENTATION_COMMENTS = YES;
				CLANG_WARN_EMPTY_BODY = YES;
				CLANG_WARN_ENUM_CONVERSION = YES;
				CLANG_WARN_INFINITE_RECURSION = YES;
				CLANG_WARN_INT_CONVERSION = YES;
				CLANG_WARN_NON_LITERAL_NULL_CONVERSION = YES;
				CLANG_WARN_OBJC_IMPLICIT_RETAIN_SELF = YES;
				CLANG_WARN_OBJC_LITERAL_CONVERSION = YES;
				CLANG_WARN_OBJC_ROOT_CLASS = YES_ERROR;
				CLANG_WARN_RANGE_LOOP_ANALYSIS = YES;
				CLANG_WARN_STRICT_PROTOTYPES = YES;
				CLANG_WARN_SUSPICIOUS_MOVE = YES;
				CLANG_WARN_UNGUARDED_AVAILABILITY = YES_AGGRESSIVE;
				CLANG_WARN_UNREACHABLE_CODE = YES;
				CLANG_WARN__DUPLICATE_METHOD_MATCH = YES;
				CODE_SIGN_IDENTITY = "iPhone Developer";
				COPY_PHASE_STRIP = NO;
				DEBUG_INFORMATION_FORMAT = "dwarf-with-dsym";
				ENABLE_NS_ASSERTIONS = NO;
				ENABLE_STRICT_OBJC_MSGSEND = YES;
				GCC_C_LANGUAGE_STANDARD = gnu11;
				GCC_NO_COMMON_BLOCKS = YES;
				GCC_WARN_64_TO_32_BIT_CONVERSION = YES;
				GCC_WARN_ABOUT_RETURN_TYPE = YES_ERROR;
				GCC_WARN_UNDECLARED_SELECTOR = YES;
				GCC_WARN_UNINITIALIZED_AUTOS = YES_AGGRESSIVE;
				GCC_WARN_UNUSED_FUNCTION = YES;
				GCC_WARN_UNUSED_VARIABLE = YES;
				IPHONEOS_DEPLOYMENT_TARGET = 12.1;
				MTL_ENABLE_DEBUG_INFO = NO;
				MTL_FAST_MATH = YES;
				SDKROOT = iphoneos;
				SWIFT_COMPILATION_MODE = wholemodule;
				SWIFT_OPTIMIZATION_LEVEL = "-O";
				VALIDATE_PRODUCT = YES;
			};
			name = Release;
		};
		39C46FC02291FAEA002E8D21 /* Debug */ = {
			isa = XCBuildConfiguration;
			baseConfigurationReference = 334C82653453B55CDC2B40E6 /* Pods-ChatApp.debug.xcconfig */;
			buildSettings = {
				ASSETCATALOG_COMPILER_APPICON_NAME = AppIcon;
				CODE_SIGN_STYLE = Automatic;
				DEVELOPMENT_TEAM = 8N4FVAGQ3S;
				INFOPLIST_FILE = ChatApp/Info.plist;
				LD_RUNPATH_SEARCH_PATHS = (
					"$(inherited)",
					"@executable_path/Frameworks",
				);
				PRODUCT_BUNDLE_IDENTIFIER = com.matsyk.ChatApp;
				PRODUCT_NAME = "$(TARGET_NAME)";
				SWIFT_VERSION = 4.2;
				TARGETED_DEVICE_FAMILY = "1,2";
			};
			name = Debug;
		};
		39C46FC12291FAEA002E8D21 /* Release */ = {
			isa = XCBuildConfiguration;
			baseConfigurationReference = 889D56D47E7B57A48DE4A810 /* Pods-ChatApp.release.xcconfig */;
			buildSettings = {
				ASSETCATALOG_COMPILER_APPICON_NAME = AppIcon;
				CODE_SIGN_STYLE = Automatic;
				DEVELOPMENT_TEAM = 8N4FVAGQ3S;
				INFOPLIST_FILE = ChatApp/Info.plist;
				LD_RUNPATH_SEARCH_PATHS = (
					"$(inherited)",
					"@executable_path/Frameworks",
				);
				PRODUCT_BUNDLE_IDENTIFIER = com.matsyk.ChatApp;
				PRODUCT_NAME = "$(TARGET_NAME)";
				SWIFT_VERSION = 4.2;
				TARGETED_DEVICE_FAMILY = "1,2";
			};
			name = Release;
		};
		39C46FC32291FAEA002E8D21 /* Debug */ = {
			isa = XCBuildConfiguration;
			baseConfigurationReference = 44EFEACBC08100440B6F71B6 /* Pods-ChatAppTests.debug.xcconfig */;
			buildSettings = {
				ALWAYS_EMBED_SWIFT_STANDARD_LIBRARIES = YES;
				BUNDLE_LOADER = "$(TEST_HOST)";
				CODE_SIGN_STYLE = Automatic;
				DEVELOPMENT_TEAM = 8N4FVAGQ3S;
				INFOPLIST_FILE = ChatAppTests/Info.plist;
				LD_RUNPATH_SEARCH_PATHS = (
					"$(inherited)",
					"@executable_path/Frameworks",
					"@loader_path/Frameworks",
				);
				PRODUCT_BUNDLE_IDENTIFIER = com.matsyk.ChatAppTests;
				PRODUCT_NAME = "$(TARGET_NAME)";
				SWIFT_VERSION = 4.2;
				TARGETED_DEVICE_FAMILY = "1,2";
				TEST_HOST = "$(BUILT_PRODUCTS_DIR)/ChatApp.app/ChatApp";
			};
			name = Debug;
		};
		39C46FC42291FAEA002E8D21 /* Release */ = {
			isa = XCBuildConfiguration;
			baseConfigurationReference = 10C1A2F6838437B28FF2465F /* Pods-ChatAppTests.release.xcconfig */;
			buildSettings = {
				ALWAYS_EMBED_SWIFT_STANDARD_LIBRARIES = YES;
				BUNDLE_LOADER = "$(TEST_HOST)";
				CODE_SIGN_STYLE = Automatic;
				DEVELOPMENT_TEAM = 8N4FVAGQ3S;
				INFOPLIST_FILE = ChatAppTests/Info.plist;
				LD_RUNPATH_SEARCH_PATHS = (
					"$(inherited)",
					"@executable_path/Frameworks",
					"@loader_path/Frameworks",
				);
				PRODUCT_BUNDLE_IDENTIFIER = com.matsyk.ChatAppTests;
				PRODUCT_NAME = "$(TARGET_NAME)";
				SWIFT_VERSION = 4.2;
				TARGETED_DEVICE_FAMILY = "1,2";
				TEST_HOST = "$(BUILT_PRODUCTS_DIR)/ChatApp.app/ChatApp";
			};
			name = Release;
		};
		39C46FC62291FAEA002E8D21 /* Debug */ = {
			isa = XCBuildConfiguration;
			baseConfigurationReference = 6DB481F5B875A30041EA0469 /* Pods-ChatAppUITests.debug.xcconfig */;
			buildSettings = {
				ALWAYS_EMBED_SWIFT_STANDARD_LIBRARIES = YES;
				CODE_SIGN_STYLE = Automatic;
				DEVELOPMENT_TEAM = 8N4FVAGQ3S;
				INFOPLIST_FILE = ChatAppUITests/Info.plist;
				LD_RUNPATH_SEARCH_PATHS = (
					"$(inherited)",
					"@executable_path/Frameworks",
					"@loader_path/Frameworks",
				);
				PRODUCT_BUNDLE_IDENTIFIER = com.matsyk.ChatAppUITests;
				PRODUCT_NAME = "$(TARGET_NAME)";
				SWIFT_VERSION = 4.2;
				TARGETED_DEVICE_FAMILY = "1,2";
				TEST_TARGET_NAME = ChatApp;
			};
			name = Debug;
		};
		39C46FC72291FAEA002E8D21 /* Release */ = {
			isa = XCBuildConfiguration;
			baseConfigurationReference = 7FD5B5D9BE65EC1156844145 /* Pods-ChatAppUITests.release.xcconfig */;
			buildSettings = {
				ALWAYS_EMBED_SWIFT_STANDARD_LIBRARIES = YES;
				CODE_SIGN_STYLE = Automatic;
				DEVELOPMENT_TEAM = 8N4FVAGQ3S;
				INFOPLIST_FILE = ChatAppUITests/Info.plist;
				LD_RUNPATH_SEARCH_PATHS = (
					"$(inherited)",
					"@executable_path/Frameworks",
					"@loader_path/Frameworks",
				);
				PRODUCT_BUNDLE_IDENTIFIER = com.matsyk.ChatAppUITests;
				PRODUCT_NAME = "$(TARGET_NAME)";
				SWIFT_VERSION = 4.2;
				TARGETED_DEVICE_FAMILY = "1,2";
				TEST_TARGET_NAME = ChatApp;
			};
			name = Release;
		};
/* End XCBuildConfiguration section */

/* Begin XCConfigurationList section */
		39C46F922291FAE9002E8D21 /* Build configuration list for PBXProject "ChatApp" */ = {
			isa = XCConfigurationList;
			buildConfigurations = (
				39C46FBD2291FAEA002E8D21 /* Debug */,
				39C46FBE2291FAEA002E8D21 /* Release */,
			);
			defaultConfigurationIsVisible = 0;
			defaultConfigurationName = Release;
		};
		39C46FBF2291FAEA002E8D21 /* Build configuration list for PBXNativeTarget "ChatApp" */ = {
			isa = XCConfigurationList;
			buildConfigurations = (
				39C46FC02291FAEA002E8D21 /* Debug */,
				39C46FC12291FAEA002E8D21 /* Release */,
			);
			defaultConfigurationIsVisible = 0;
			defaultConfigurationName = Release;
		};
		39C46FC22291FAEA002E8D21 /* Build configuration list for PBXNativeTarget "ChatAppTests" */ = {
			isa = XCConfigurationList;
			buildConfigurations = (
				39C46FC32291FAEA002E8D21 /* Debug */,
				39C46FC42291FAEA002E8D21 /* Release */,
			);
			defaultConfigurationIsVisible = 0;
			defaultConfigurationName = Release;
		};
		39C46FC52291FAEA002E8D21 /* Build configuration list for PBXNativeTarget "ChatAppUITests" */ = {
			isa = XCConfigurationList;
			buildConfigurations = (
				39C46FC62291FAEA002E8D21 /* Debug */,
				39C46FC72291FAEA002E8D21 /* Release */,
			);
			defaultConfigurationIsVisible = 0;
			defaultConfigurationName = Release;
		};
/* End XCConfigurationList section */
	};
	rootObject = 39C46F8F2291FAE9002E8D21 /* Project object */;
}
